// !$*UTF8*$!
{
	archiveVersion = 1;
	classes = {
	};
	objectVersion = 56;
	objects = {

/* Begin PBXBuildFile section */
		83A743962A448C8900615AAA /* AudioPlayer.swift in Sources */ = {isa = PBXBuildFile; fileRef = 83A743952A448C8900615AAA /* AudioPlayer.swift */; };
		83C723862A432BEF00EB9BC0 /* OnboardingAnimationApp.swift in Sources */ = {isa = PBXBuildFile; fileRef = 83C723852A432BEF00EB9BC0 /* OnboardingAnimationApp.swift */; };
		83C723882A432BEF00EB9BC0 /* ContentView.swift in Sources */ = {isa = PBXBuildFile; fileRef = 83C723872A432BEF00EB9BC0 /* ContentView.swift */; };
		83C7238A2A432BF000EB9BC0 /* Assets.xcassets in Resources */ = {isa = PBXBuildFile; fileRef = 83C723892A432BF000EB9BC0 /* Assets.xcassets */; };
		83C7238D2A432BF000EB9BC0 /* Preview Assets.xcassets in Resources */ = {isa = PBXBuildFile; fileRef = 83C7238C2A432BF000EB9BC0 /* Preview Assets.xcassets */; };
		83C723952A432C7300EB9BC0 /* OnboardingView.swift in Sources */ = {isa = PBXBuildFile; fileRef = 83C723942A432C7300EB9BC0 /* OnboardingView.swift */; };
		83C723982A432C9D00EB9BC0 /* success.m4a in Resources */ = {isa = PBXBuildFile; fileRef = 83C723962A432C9D00EB9BC0 /* success.m4a */; };
		83C723992A432C9D00EB9BC0 /* chimeup.mp3 in Resources */ = {isa = PBXBuildFile; fileRef = 83C723972A432C9D00EB9BC0 /* chimeup.mp3 */; };
		83C7239E2A432E5000EB9BC0 /* HomeView.swift in Sources */ = {isa = PBXBuildFile; fileRef = 83C7239D2A432E5000EB9BC0 /* HomeView.swift */; };
/* End PBXBuildFile section */

/* Begin PBXFileReference section */
		83A743952A448C8900615AAA /* AudioPlayer.swift */ = {isa = PBXFileReference; lastKnownFileType = sourcecode.swift; path = AudioPlayer.swift; sourceTree = "<group>"; };
		83C723822A432BEF00EB9BC0 /* OnboardingAnimation.app */ = {isa = PBXFileReference; explicitFileType = wrapper.application; includeInIndex = 0; path = OnboardingAnimation.app; sourceTree = BUILT_PRODUCTS_DIR; };
		83C723852A432BEF00EB9BC0 /* OnboardingAnimationApp.swift */ = {isa = PBXFileReference; lastKnownFileType = sourcecode.swift; path = OnboardingAnimationApp.swift; sourceTree = "<group>"; };
		83C723872A432BEF00EB9BC0 /* ContentView.swift */ = {isa = PBXFileReference; lastKnownFileType = sourcecode.swift; path = ContentView.swift; sourceTree = "<group>"; };
		83C723892A432BF000EB9BC0 /* Assets.xcassets */ = {isa = PBXFileReference; lastKnownFileType = folder.assetcatalog; path = Assets.xcassets; sourceTree = "<group>"; };
		83C7238C2A432BF000EB9BC0 /* Preview Assets.xcassets */ = {isa = PBXFileReference; lastKnownFileType = folder.assetcatalog; path = "Preview Assets.xcassets"; sourceTree = "<group>"; };
		83C723942A432C7300EB9BC0 /* OnboardingView.swift */ = {isa = PBXFileReference; lastKnownFileType = sourcecode.swift; path = OnboardingView.swift; sourceTree = "<group>"; };
		83C723962A432C9D00EB9BC0 /* success.m4a */ = {isa = PBXFileReference; lastKnownFileType = file; path = success.m4a; sourceTree = "<group>"; };
		83C723972A432C9D00EB9BC0 /* chimeup.mp3 */ = {isa = PBXFileReference; lastKnownFileType = audio.mp3; path = chimeup.mp3; sourceTree = "<group>"; };
		83C7239C2A432DDA00EB9BC0 /* Info.plist */ = {isa = PBXFileReference; lastKnownFileType = text.plist; path = Info.plist; sourceTree = "<group>"; };
		83C7239D2A432E5000EB9BC0 /* HomeView.swift */ = {isa = PBXFileReference; lastKnownFileType = sourcecode.swift; path = HomeView.swift; sourceTree = "<group>"; };
/* End PBXFileReference section */

/* Begin PBXFrameworksBuildPhase section */
		83C7237F2A432BEF00EB9BC0 /* Frameworks */ = {
			isa = PBXFrameworksBuildPhase;
			buildActionMask = 2147483647;
			files = (
			);
			runOnlyForDeploymentPostprocessing = 0;
		};
/* End PBXFrameworksBuildPhase section */

/* Begin PBXGroup section */
		83A743942A448C7600615AAA /* utilities */ = {
			isa = PBXGroup;
			children = (
				83A743952A448C8900615AAA /* AudioPlayer.swift */,
			);
			path = utilities;
			sourceTree = "<group>";
		};
		83C723792A432BEF00EB9BC0 = {
			isa = PBXGroup;
			children = (
				83C723842A432BEF00EB9BC0 /* OnboardingAnimation */,
				83C723832A432BEF00EB9BC0 /* Products */,
			);
			sourceTree = "<group>";
		};
		83C723832A432BEF00EB9BC0 /* Products */ = {
			isa = PBXGroup;
			children = (
				83C723822A432BEF00EB9BC0 /* OnboardingAnimation.app */,
			);
			name = Products;
			sourceTree = "<group>";
		};
		83C723842A432BEF00EB9BC0 /* OnboardingAnimation */ = {
			isa = PBXGroup;
			children = (
				83C7239C2A432DDA00EB9BC0 /* Info.plist */,
				83C7239B2A432CB400EB9BC0 /* sounds */,
				83A743942A448C7600615AAA /* utilities */,
				83C723932A432C6600EB9BC0 /* view */,
				83C723872A432BEF00EB9BC0 /* ContentView.swift */,
				83C723852A432BEF00EB9BC0 /* OnboardingAnimationApp.swift */,
				83C723892A432BF000EB9BC0 /* Assets.xcassets */,
				83C7238B2A432BF000EB9BC0 /* Preview Content */,
			);
			path = OnboardingAnimation;
			sourceTree = "<group>";
		};
		83C7238B2A432BF000EB9BC0 /* Preview Content */ = {
			isa = PBXGroup;
			children = (
				83C7238C2A432BF000EB9BC0 /* Preview Assets.xcassets */,
			);
			path = "Preview Content";
			sourceTree = "<group>";
		};
		83C723932A432C6600EB9BC0 /* view */ = {
			isa = PBXGroup;
			children = (
				83C723942A432C7300EB9BC0 /* OnboardingView.swift */,
				83C7239D2A432E5000EB9BC0 /* HomeView.swift */,
			);
			path = view;
			sourceTree = "<group>";
		};
		83C7239B2A432CB400EB9BC0 /* sounds */ = {
			isa = PBXGroup;
			children = (
				83C723972A432C9D00EB9BC0 /* chimeup.mp3 */,
				83C723962A432C9D00EB9BC0 /* success.m4a */,
			);
			path = sounds;
			sourceTree = "<group>";
		};
/* End PBXGroup section */

/* Begin PBXNativeTarget section */
		83C723812A432BEF00EB9BC0 /* OnboardingAnimation */ = {
			isa = PBXNativeTarget;
			buildConfigurationList = 83C723902A432BF000EB9BC0 /* Build configuration list for PBXNativeTarget "OnboardingAnimation" */;
			buildPhases = (
				83C7237E2A432BEF00EB9BC0 /* Sources */,
				83C7237F2A432BEF00EB9BC0 /* Frameworks */,
				83C723802A432BEF00EB9BC0 /* Resources */,
			);
			buildRules = (
			);
			dependencies = (
			);
			name = OnboardingAnimation;
			productName = OnboardingAnimation;
			productReference = 83C723822A432BEF00EB9BC0 /* OnboardingAnimation.app */;
			productType = "com.apple.product-type.application";
		};
/* End PBXNativeTarget section */

/* Begin PBXProject section */
		83C7237A2A432BEF00EB9BC0 /* Project object */ = {
			isa = PBXProject;
			attributes = {
				BuildIndependentTargetsInParallel = 1;
				LastSwiftUpdateCheck = 1430;
				LastUpgradeCheck = 1430;
				TargetAttributes = {
					83C723812A432BEF00EB9BC0 = {
						CreatedOnToolsVersion = 14.3.1;
					};
				};
			};
			buildConfigurationList = 83C7237D2A432BEF00EB9BC0 /* Build configuration list for PBXProject "OnboardingAnimation" */;
			compatibilityVersion = "Xcode 14.0";
			developmentRegion = en;
			hasScannedForEncodings = 0;
			knownRegions = (
				en,
				Base,
			);
			mainGroup = 83C723792A432BEF00EB9BC0;
			productRefGroup = 83C723832A432BEF00EB9BC0 /* Products */;
			projectDirPath = "";
			projectRoot = "";
			targets = (
				83C723812A432BEF00EB9BC0 /* OnboardingAnimation */,
			);
		};
/* End PBXProject section */

/* Begin PBXResourcesBuildPhase section */
		83C723802A432BEF00EB9BC0 /* Resources */ = {
			isa = PBXResourcesBuildPhase;
			buildActionMask = 2147483647;
			files = (
				83C723992A432C9D00EB9BC0 /* chimeup.mp3 in Resources */,
				83C7238D2A432BF000EB9BC0 /* Preview Assets.xcassets in Resources */,
				83C723982A432C9D00EB9BC0 /* success.m4a in Resources */,
				83C7238A2A432BF000EB9BC0 /* Assets.xcassets in Resources */,
			);
			runOnlyForDeploymentPostprocessing = 0;
		};
/* End PBXResourcesBuildPhase section */

/* Begin PBXSourcesBuildPhase section */
		83C7237E2A432BEF00EB9BC0 /* Sources */ = {
			isa = PBXSourcesBuildPhase;
			buildActionMask = 2147483647;
			files = (
				83C723952A432C7300EB9BC0 /* OnboardingView.swift in Sources */,
				83C7239E2A432E5000EB9BC0 /* HomeView.swift in Sources */,
				83A743962A448C8900615AAA /* AudioPlayer.swift in Sources */,
				83C723882A432BEF00EB9BC0 /* ContentView.swift in Sources */,
				83C723862A432BEF00EB9BC0 /* OnboardingAnimationApp.swift in Sources */,
			);
			runOnlyForDeploymentPostprocessing = 0;
		};
/* End PBXSourcesBuildPhase section */

/* Begin XCBuildConfiguration section */
		83C7238E2A432BF000EB9BC0 /* Debug */ = {
			isa = XCBuildConfiguration;
			buildSettings = {
				ALWAYS_SEARCH_USER_PATHS = NO;
				CLANG_ANALYZER_NONNULL = YES;
				CLANG_ANALYZER_NUMBER_OBJECT_CONVERSION = YES_AGGRESSIVE;
				CLANG_CXX_LANGUAGE_STANDARD = "gnu++20";
				CLANG_ENABLE_MODULES = YES;
				CLANG_ENABLE_OBJC_ARC = YES;
				CLANG_ENABLE_OBJC_WEAK = YES;
				CLANG_WARN_BLOCK_CAPTURE_AUTORELEASING = YES;
				CLANG_WARN_BOOL_CONVERSION = YES;
				CLANG_WARN_COMMA = YES;
				CLANG_WARN_CONSTANT_CONVERSION = YES;
				CLANG_WARN_DEPRECATED_OBJC_IMPLEMENTATIONS = YES;
				CLANG_WARN_DIRECT_OBJC_ISA_USAGE = YES_ERROR;
				CLANG_WARN_DOCUMENTATION_COMMENTS = YES;
				CLANG_WARN_EMPTY_BODY = YES;
				CLANG_WARN_ENUM_CONVERSION = YES;
				CLANG_WARN_INFINITE_RECURSION = YES;
				CLANG_WARN_INT_CONVERSION = YES;
				CLANG_WARN_NON_LITERAL_NULL_CONVERSION = YES;
				CLANG_WARN_OBJC_IMPLICIT_RETAIN_SELF = YES;
				CLANG_WARN_OBJC_LITERAL_CONVERSION = YES;
				CLANG_WARN_OBJC_ROOT_CLASS = YES_ERROR;
				CLANG_WARN_QUOTED_INCLUDE_IN_FRAMEWORK_HEADER = YES;
				CLANG_WARN_RANGE_LOOP_ANALYSIS = YES;
				CLANG_WARN_STRICT_PROTOTYPES = YES;
				CLANG_WARN_SUSPICIOUS_MOVE = YES;
				CLANG_WARN_UNGUARDED_AVAILABILITY = YES_AGGRESSIVE;
				CLANG_WARN_UNREACHABLE_CODE = YES;
				CLANG_WARN__DUPLICATE_METHOD_MATCH = YES;
				COPY_PHASE_STRIP = NO;
				DEBUG_INFORMATION_FORMAT = dwarf;
				ENABLE_STRICT_OBJC_MSGSEND = YES;
				ENABLE_TESTABILITY = YES;
				GCC_C_LANGUAGE_STANDARD = gnu11;
				GCC_DYNAMIC_NO_PIC = NO;
				GCC_NO_COMMON_BLOCKS = YES;
				GCC_OPTIMIZATION_LEVEL = 0;
				GCC_PREPROCESSOR_DEFINITIONS = (
					"DEBUG=1",
					"$(inherited)",
				);
				GCC_WARN_64_TO_32_BIT_CONVERSION = YES;
				GCC_WARN_ABOUT_RETURN_TYPE = YES_ERROR;
				GCC_WARN_UNDECLARED_SELECTOR = YES;
				GCC_WARN_UNINITIALIZED_AUTOS = YES_AGGRESSIVE;
				GCC_WARN_UNUSED_FUNCTION = YES;
				GCC_WARN_UNUSED_VARIABLE = YES;
				IPHONEOS_DEPLOYMENT_TARGET = 16.4;
				MTL_ENABLE_DEBUG_INFO = INCLUDE_SOURCE;
				MTL_FAST_MATH = YES;
				ONLY_ACTIVE_ARCH = YES;
				SDKROOT = iphoneos;
				SWIFT_ACTIVE_COMPILATION_CONDITIONS = DEBUG;
				SWIFT_OPTIMIZATION_LEVEL = "-Onone";
			};
			name = Debug;
		};
		83C7238F2A432BF000EB9BC0 /* Release */ = {
			isa = XCBuildConfiguration;
			buildSettings = {
				ALWAYS_SEARCH_USER_PATHS = NO;
				CLANG_ANALYZER_NONNULL = YES;
				CLANG_ANALYZER_NUMBER_OBJECT_CONVERSION = YES_AGGRESSIVE;
				CLANG_CXX_LANGUAGE_STANDARD = "gnu++20";
				CLANG_ENABLE_MODULES = YES;
				CLANG_ENABLE_OBJC_ARC = YES;
				CLANG_ENABLE_OBJC_WEAK = YES;
				CLANG_WARN_BLOCK_CAPTURE_AUTORELEASING = YES;
				CLANG_WARN_BOOL_CONVERSION = YES;
				CLANG_WARN_COMMA = YES;
				CLANG_WARN_CONSTANT_CONVERSION = YES;
				CLANG_WARN_DEPRECATED_OBJC_IMPLEMENTATIONS = YES;
				CLANG_WARN_DIRECT_OBJC_ISA_USAGE = YES_ERROR;
				CLANG_WARN_DOCUMENTATION_COMMENTS = YES;
				CLANG_WARN_EMPTY_BODY = YES;
				CLANG_WARN_ENUM_CONVERSION = YES;
				CLANG_WARN_INFINITE_RECURSION = YES;
				CLANG_WARN_INT_CONVERSION = YES;
				CLANG_WARN_NON_LITERAL_NULL_CONVERSION = YES;
				CLANG_WARN_OBJC_IMPLICIT_RETAIN_SELF = YES;
				CLANG_WARN_OBJC_LITERAL_CONVERSION = YES;
				CLANG_WARN_OBJC_ROOT_CLASS = YES_ERROR;
				CLANG_WARN_QUOTED_INCLUDE_IN_FRAMEWORK_HEADER = YES;
				CLANG_WARN_RANGE_LOOP_ANALYSIS = YES;
				CLANG_WARN_STRICT_PROTOTYPES = YES;
				CLANG_WARN_SUSPICIOUS_MOVE = YES;
				CLANG_WARN_UNGUARDED_AVAILABILITY = YES_AGGRESSIVE;
				CLANG_WARN_UNREACHABLE_CODE = YES;
				CLANG_WARN__DUPLICATE_METHOD_MATCH = YES;
				COPY_PHASE_STRIP = NO;
				DEBUG_INFORMATION_FORMAT = "dwarf-with-dsym";
				ENABLE_NS_ASSERTIONS = NO;
				ENABLE_STRICT_OBJC_MSGSEND = YES;
				GCC_C_LANGUAGE_STANDARD = gnu11;
				GCC_NO_COMMON_BLOCKS = YES;
				GCC_WARN_64_TO_32_BIT_CONVERSION = YES;
				GCC_WARN_ABOUT_RETURN_TYPE = YES_ERROR;
				GCC_WARN_UNDECLARED_SELECTOR = YES;
				GCC_WARN_UNINITIALIZED_AUTOS = YES_AGGRESSIVE;
				GCC_WARN_UNUSED_FUNCTION = YES;
				GCC_WARN_UNUSED_VARIABLE = YES;
				IPHONEOS_DEPLOYMENT_TARGET = 16.4;
				MTL_ENABLE_DEBUG_INFO = NO;
				MTL_FAST_MATH = YES;
				SDKROOT = iphoneos;
				SWIFT_COMPILATION_MODE = wholemodule;
				SWIFT_OPTIMIZATION_LEVEL = "-O";
				VALIDATE_PRODUCT = YES;
			};
			name = Release;
		};
		83C723912A432BF000EB9BC0 /* Debug */ = {
			isa = XCBuildConfiguration;
			buildSettings = {
				ASSETCATALOG_COMPILER_APPICON_NAME = AppIcon;
				ASSETCATALOG_COMPILER_GLOBAL_ACCENT_COLOR_NAME = AccentColor;
				CODE_SIGN_STYLE = Automatic;
				CURRENT_PROJECT_VERSION = 1;
				DEVELOPMENT_ASSET_PATHS = "\"OnboardingAnimation/Preview Content\"";
				ENABLE_PREVIEWS = YES;
				GENERATE_INFOPLIST_FILE = YES;
				INFOPLIST_FILE = OnboardingAnimation/Info.plist;
				INFOPLIST_KEY_UIApplicationSceneManifest_Generation = YES;
				INFOPLIST_KEY_UIApplicationSupportsIndirectInputEvents = YES;
				INFOPLIST_KEY_UISupportedInterfaceOrientations_iPad = "UIInterfaceOrientationPortrait UIInterfaceOrientationPortraitUpsideDown UIInterfaceOrientationLandscapeLeft UIInterfaceOrientationLandscapeRight";
				INFOPLIST_KEY_UISupportedInterfaceOrientations_iPhone = "UIInterfaceOrientationPortrait UIInterfaceOrientationLandscapeLeft UIInterfaceOrientationLandscapeRight";
				LD_RUNPATH_SEARCH_PATHS = (
					"$(inherited)",
					"@executable_path/Frameworks",
				);
				MARKETING_VERSION = 1.0;
				PRODUCT_BUNDLE_IDENTIFIER = com.bulutsistem.OnboardingAnimation;
				PRODUCT_NAME = "$(TARGET_NAME)";
				SWIFT_EMIT_LOC_STRINGS = YES;
				SWIFT_VERSION = 5.0;
				TARGETED_DEVICE_FAMILY = "1,2";
			};
			name = Debug;
		};
		83C723922A432BF000EB9BC0 /* Release */ = {
			isa = XCBuildConfiguration;
			buildSettings = {
				ASSETCATALOG_COMPILER_APPICON_NAME = AppIcon;
				ASSETCATALOG_COMPILER_GLOBAL_ACCENT_COLOR_NAME = AccentColor;
				CODE_SIGN_STYLE = Automatic;
				CURRENT_PROJECT_VERSION = 1;
				DEVELOPMENT_ASSET_PATHS = "\"OnboardingAnimation/Preview Content\"";
				ENABLE_PREVIEWS = YES;
				GENERATE_INFOPLIST_FILE = YES;
				INFOPLIST_FILE = OnboardingAnimation/Info.plist;
				INFOPLIST_KEY_UIApplicationSceneManifest_Generation = YES;
				INFOPLIST_KEY_UIApplicationSupportsIndirectInputEvents = YES;
				INFOPLIST_KEY_UISupportedInterfaceOrientations_iPad = "UIInterfaceOrientationPortrait UIInterfaceOrientationPortraitUpsideDown UIInterfaceOrientationLandscapeLeft UIInterfaceOrientationLandscapeRight";
				INFOPLIST_KEY_UISupportedInterfaceOrientations_iPhone = "UIInterfaceOrientationPortrait UIInterfaceOrientationLandscapeLeft UIInterfaceOrientationLandscapeRight";
				LD_RUNPATH_SEARCH_PATHS = (
					"$(inherited)",
					"@executable_path/Frameworks",
				);
				MARKETING_VERSION = 1.0;
				PRODUCT_BUNDLE_IDENTIFIER = com.bulutsistem.OnboardingAnimation;
				PRODUCT_NAME = "$(TARGET_NAME)";
				SWIFT_EMIT_LOC_STRINGS = YES;
				SWIFT_VERSION = 5.0;
				TARGETED_DEVICE_FAMILY = "1,2";
			};
			name = Release;
		};
/* End XCBuildConfiguration section */

/* Begin XCConfigurationList section */
		83C7237D2A432BEF00EB9BC0 /* Build configuration list for PBXProject "OnboardingAnimation" */ = {
			isa = XCConfigurationList;
			buildConfigurations = (
				83C7238E2A432BF000EB9BC0 /* Debug */,
				83C7238F2A432BF000EB9BC0 /* Release */,
			);
			defaultConfigurationIsVisible = 0;
			defaultConfigurationName = Release;
		};
		83C723902A432BF000EB9BC0 /* Build configuration list for PBXNativeTarget "OnboardingAnimation" */ = {
			isa = XCConfigurationList;
			buildConfigurations = (
				83C723912A432BF000EB9BC0 /* Debug */,
				83C723922A432BF000EB9BC0 /* Release */,
			);
			defaultConfigurationIsVisible = 0;
			defaultConfigurationName = Release;
		};
/* End XCConfigurationList section */
	};
	rootObject = 83C7237A2A432BEF00EB9BC0 /* Project object */;
}
